// !$*UTF8*$!
{
	archiveVersion = 1;
	classes = {
	};
	objectVersion = 48;
	objects = {

/* Begin PBXBuildFile section */
		1639FF301FFF2635001C4DE3 /* main.cpp in Sources */ = {isa = PBXBuildFile; fileRef = 1639FF2F1FFF2635001C4DE3 /* main.cpp */; };
		1639FF381FFF267A001C4DE3 /* AppController.cpp in Sources */ = {isa = PBXBuildFile; fileRef = 1639FF361FFF267A001C4DE3 /* AppController.cpp */; };
		1639FF3D1FFF2A77001C4DE3 /* GLUT.framework in Frameworks */ = {isa = PBXBuildFile; fileRef = 1639FF3C1FFF2802001C4DE3 /* GLUT.framework */; };
		1639FF3E1FFF2A7F001C4DE3 /* OpenGL.framework in Frameworks */ = {isa = PBXBuildFile; fileRef = 1639FF3B1FFF27F4001C4DE3 /* OpenGL.framework */; };
		1639FF411FFF53B7001C4DE3 /* GSLog.cpp in Sources */ = {isa = PBXBuildFile; fileRef = 1639FF3F1FFF53B7001C4DE3 /* GSLog.cpp */; };
/* End PBXBuildFile section */

/* Begin PBXCopyFilesBuildPhase section */
		1639FF2A1FFF2635001C4DE3 /* CopyFiles */ = {
			isa = PBXCopyFilesBuildPhase;
			buildActionMask = 2147483647;
			dstPath = /usr/share/man/man1/;
			dstSubfolderSpec = 0;
			files = (
			);
			runOnlyForDeploymentPostprocessing = 1;
		};
/* End PBXCopyFilesBuildPhase section */

/* Begin PBXFileReference section */
		1639FF2C1FFF2635001C4DE3 /* GameSprite */ = {isa = PBXFileReference; explicitFileType = "compiled.mach-o.executable"; includeInIndex = 0; path = GameSprite; sourceTree = BUILT_PRODUCTS_DIR; };
		1639FF2F1FFF2635001C4DE3 /* main.cpp */ = {isa = PBXFileReference; lastKnownFileType = sourcecode.cpp.cpp; path = main.cpp; sourceTree = "<group>"; };
		1639FF361FFF267A001C4DE3 /* AppController.cpp */ = {isa = PBXFileReference; lastKnownFileType = sourcecode.cpp.cpp; path = AppController.cpp; sourceTree = "<group>"; };
		1639FF371FFF267A001C4DE3 /* AppController.hpp */ = {isa = PBXFileReference; lastKnownFileType = sourcecode.cpp.h; path = AppController.hpp; sourceTree = "<group>"; };
		1639FF3B1FFF27F4001C4DE3 /* OpenGL.framework */ = {isa = PBXFileReference; lastKnownFileType = wrapper.framework; name = OpenGL.framework; path = System/Library/Frameworks/OpenGL.framework; sourceTree = SDKROOT; };
		1639FF3C1FFF2802001C4DE3 /* GLUT.framework */ = {isa = PBXFileReference; lastKnownFileType = wrapper.framework; name = GLUT.framework; path = System/Library/Frameworks/GLUT.framework; sourceTree = SDKROOT; };
		1639FF3F1FFF53B7001C4DE3 /* GSLog.cpp */ = {isa = PBXFileReference; lastKnownFileType = sourcecode.cpp.cpp; path = GSLog.cpp; sourceTree = "<group>"; };
		1639FF401FFF53B7001C4DE3 /* GSLog.hpp */ = {isa = PBXFileReference; lastKnownFileType = sourcecode.cpp.h; path = GSLog.hpp; sourceTree = "<group>"; };
		1639FF431FFF8B55001C4DE3 /* GSMacro.h */ = {isa = PBXFileReference; lastKnownFileType = sourcecode.c.h; path = GSMacro.h; sourceTree = "<group>"; };
		1639FF451FFF8BA2001C4DE3 /* GameSprite.h */ = {isa = PBXFileReference; lastKnownFileType = sourcecode.c.h; path = GameSprite.h; sourceTree = "<group>"; };
/* End PBXFileReference section */

/* Begin PBXFrameworksBuildPhase section */
		1639FF291FFF2635001C4DE3 /* Frameworks */ = {
			isa = PBXFrameworksBuildPhase;
			buildActionMask = 2147483647;
			files = (
				1639FF3E1FFF2A7F001C4DE3 /* OpenGL.framework in Frameworks */,
				1639FF3D1FFF2A77001C4DE3 /* GLUT.framework in Frameworks */,
			);
			runOnlyForDeploymentPostprocessing = 0;
		};
/* End PBXFrameworksBuildPhase section */

/* Begin PBXGroup section */
		1639FF231FFF2635001C4DE3 = {
			isa = PBXGroup;
			children = (
				1639FF2E1FFF2635001C4DE3 /* GameSprite */,
				1639FF2D1FFF2635001C4DE3 /* Products */,
				1639FF3A1FFF27F4001C4DE3 /* Frameworks */,
			);
			sourceTree = "<group>";
		};
		1639FF2D1FFF2635001C4DE3 /* Products */ = {
			isa = PBXGroup;
			children = (
				1639FF2C1FFF2635001C4DE3 /* GameSprite */,
			);
			name = Products;
			sourceTree = "<group>";
		};
		1639FF2E1FFF2635001C4DE3 /* GameSprite */ = {
			isa = PBXGroup;
			children = (
				1639FF2F1FFF2635001C4DE3 /* main.cpp */,
				1639FF361FFF267A001C4DE3 /* AppController.cpp */,
				1639FF371FFF267A001C4DE3 /* AppController.hpp */,
				1639FF3F1FFF53B7001C4DE3 /* GSLog.cpp */,
				1639FF401FFF53B7001C4DE3 /* GSLog.hpp */,
				1639FF431FFF8B55001C4DE3 /* GSMacro.h */,
				1639FF451FFF8BA2001C4DE3 /* GameSprite.h */,
			);
			path = GameSprite;
			sourceTree = "<group>";
		};
		1639FF3A1FFF27F4001C4DE3 /* Frameworks */ = {
			isa = PBXGroup;
			children = (
				1639FF3C1FFF2802001C4DE3 /* GLUT.framework */,
				1639FF3B1FFF27F4001C4DE3 /* OpenGL.framework */,
			);
			name = Frameworks;
			sourceTree = "<group>";
		};
/* End PBXGroup section */

/* Begin PBXNativeTarget section */
		1639FF2B1FFF2635001C4DE3 /* GameSprite */ = {
			isa = PBXNativeTarget;
			buildConfigurationList = 1639FF331FFF2635001C4DE3 /* Build configuration list for PBXNativeTarget "GameSprite" */;
			buildPhases = (
				1639FF281FFF2635001C4DE3 /* Sources */,
				1639FF291FFF2635001C4DE3 /* Frameworks */,
				1639FF2A1FFF2635001C4DE3 /* CopyFiles */,
			);
			buildRules = (
			);
			dependencies = (
			);
			name = GameSprite;
			productName = GameSprite;
			productReference = 1639FF2C1FFF2635001C4DE3 /* GameSprite */;
			productType = "com.apple.product-type.tool";
		};
/* End PBXNativeTarget section */

/* Begin PBXProject section */
		1639FF241FFF2635001C4DE3 /* Project object */ = {
			isa = PBXProject;
			attributes = {
				LastUpgradeCheck = 0910;
				ORGANIZATIONNAME = "lu ning";
				TargetAttributes = {
					1639FF2B1FFF2635001C4DE3 = {
						CreatedOnToolsVersion = 9.1;
						ProvisioningStyle = Automatic;
					};
				};
			};
			buildConfigurationList = 1639FF271FFF2635001C4DE3 /* Build configuration list for PBXProject "GameSprite" */;
			compatibilityVersion = "Xcode 8.0";
			developmentRegion = en;
			hasScannedForEncodings = 0;
			knownRegions = (
				en,
			);
			mainGroup = 1639FF231FFF2635001C4DE3;
			productRefGroup = 1639FF2D1FFF2635001C4DE3 /* Products */;
			projectDirPath = "";
			projectRoot = "";
			targets = (
				1639FF2B1FFF2635001C4DE3 /* GameSprite */,
			);
		};
/* End PBXProject section */

/* Begin PBXSourcesBuildPhase section */
		1639FF281FFF2635001C4DE3 /* Sources */ = {
			isa = PBXSourcesBuildPhase;
			buildActionMask = 2147483647;
			files = (
				1639FF301FFF2635001C4DE3 /* main.cpp in Sources */,
				1639FF381FFF267A001C4DE3 /* AppController.cpp in Sources */,
				1639FF411FFF53B7001C4DE3 /* GSLog.cpp in Sources */,
			);
			runOnlyForDeploymentPostprocessing = 0;
		};
/* End PBXSourcesBuildPhase section */

/* Begin XCBuildConfiguration section */
		1639FF311FFF2635001C4DE3 /* Debug */ = {
			isa = XCBuildConfiguration;
			buildSettings = {
				ALWAYS_SEARCH_USER_PATHS = NO;
				CLANG_ANALYZER_NONNULL = YES;
				CLANG_ANALYZER_NUMBER_OBJECT_CONVERSION = YES_AGGRESSIVE;
				CLANG_CXX_LANGUAGE_STANDARD = "gnu++14";
				CLANG_CXX_LIBRARY = "libc++";
				CLANG_ENABLE_MODULES = YES;
				CLANG_ENABLE_OBJC_ARC = YES;
				CLANG_WARN_BLOCK_CAPTURE_AUTORELEASING = YES;
				CLANG_WARN_BOOL_CONVERSION = YES;
				CLANG_WARN_COMMA = YES;
				CLANG_WARN_CONSTANT_CONVERSION = YES;
				CLANG_WARN_DIRECT_OBJC_ISA_USAGE = YES_ERROR;
				CLANG_WARN_DOCUMENTATION_COMMENTS = YES;
				CLANG_WARN_EMPTY_BODY = YES;
				CLANG_WARN_ENUM_CONVERSION = YES;
				CLANG_WARN_INFINITE_RECURSION = YES;
				CLANG_WARN_INT_CONVERSION = YES;
				CLANG_WARN_NON_LITERAL_NULL_CONVERSION = YES;
				CLANG_WARN_OBJC_LITERAL_CONVERSION = YES;
				CLANG_WARN_OBJC_ROOT_CLASS = YES_ERROR;
				CLANG_WARN_RANGE_LOOP_ANALYSIS = YES;
				CLANG_WARN_STRICT_PROTOTYPES = YES;
				CLANG_WARN_SUSPICIOUS_MOVE = YES;
				CLANG_WARN_UNGUARDED_AVAILABILITY = YES_AGGRESSIVE;
				CLANG_WARN_UNREACHABLE_CODE = YES;
				CLANG_WARN__DUPLICATE_METHOD_MATCH = YES;
				CODE_SIGN_IDENTITY = "-";
				COPY_PHASE_STRIP = NO;
				DEBUG_INFORMATION_FORMAT = dwarf;
				ENABLE_STRICT_OBJC_MSGSEND = YES;
				ENABLE_TESTABILITY = YES;
				GCC_C_LANGUAGE_STANDARD = gnu11;
				GCC_DYNAMIC_NO_PIC = NO;
				GCC_NO_COMMON_BLOCKS = YES;
				GCC_OPTIMIZATION_LEVEL = 0;
				GCC_PREPROCESSOR_DEFINITIONS = (
					"DEBUG=1",
					"$(inherited)",
				);
				GCC_WARN_64_TO_32_BIT_CONVERSION = YES;
				GCC_WARN_ABOUT_RETURN_TYPE = YES_ERROR;
				GCC_WARN_UNDECLARED_SELECTOR = YES;
				GCC_WARN_UNINITIALIZED_AUTOS = YES_AGGRESSIVE;
				GCC_WARN_UNUSED_FUNCTION = YES;
				GCC_WARN_UNUSED_VARIABLE = YES;
				MACOSX_DEPLOYMENT_TARGET = 10.12;
				MTL_ENABLE_DEBUG_INFO = YES;
				ONLY_ACTIVE_ARCH = YES;
				SDKROOT = macosx;
			};
			name = Debug;
		};
		1639FF321FFF2635001C4DE3 /* Release */ = {
			isa = XCBuildConfiguration;
			buildSettings = {
				ALWAYS_SEARCH_USER_PATHS = NO;
				CLANG_ANALYZER_NONNULL = YES;
				CLANG_ANALYZER_NUMBER_OBJECT_CONVERSION = YES_AGGRESSIVE;
				CLANG_CXX_LANGUAGE_STANDARD = "gnu++14";
				CLANG_CXX_LIBRARY = "libc++";
				CLANG_ENABLE_MODULES = YES;
				CLANG_ENABLE_OBJC_ARC = YES;
				CLANG_WARN_BLOCK_CAPTURE_AUTORELEASING = YES;
				CLANG_WARN_BOOL_CONVERSION = YES;
				CLANG_WARN_COMMA = YES;
				CLANG_WARN_CONSTANT_CONVERSION = YES;
				CLANG_WARN_DIRECT_OBJC_ISA_USAGE = YES_ERROR;
				CLANG_WARN_DOCUMENTATION_COMMENTS = YES;
				CLANG_WARN_EMPTY_BODY = YES;
				CLANG_WARN_ENUM_CONVERSION = YES;
				CLANG_WARN_INFINITE_RECURSION = YES;
				CLANG_WARN_INT_CONVERSION = YES;
				CLANG_WARN_NON_LITERAL_NULL_CONVERSION = YES;
				CLANG_WARN_OBJC_LITERAL_CONVERSION = YES;
				CLANG_WARN_OBJC_ROOT_CLASS = YES_ERROR;
				CLANG_WARN_RANGE_LOOP_ANALYSIS = YES;
				CLANG_WARN_STRICT_PROTOTYPES = YES;
				CLANG_WARN_SUSPICIOUS_MOVE = YES;
				CLANG_WARN_UNGUARDED_AVAILABILITY = YES_AGGRESSIVE;
				CLANG_WARN_UNREACHABLE_CODE = YES;
				CLANG_WARN__DUPLICATE_METHOD_MATCH = YES;
				CODE_SIGN_IDENTITY = "-";
				COPY_PHASE_STRIP = NO;
				DEBUG_INFORMATION_FORMAT = "dwarf-with-dsym";
				ENABLE_NS_ASSERTIONS = NO;
				ENABLE_STRICT_OBJC_MSGSEND = YES;
				GCC_C_LANGUAGE_STANDARD = gnu11;
				GCC_NO_COMMON_BLOCKS = YES;
				GCC_WARN_64_TO_32_BIT_CONVERSION = YES;
				GCC_WARN_ABOUT_RETURN_TYPE = YES_ERROR;
				GCC_WARN_UNDECLARED_SELECTOR = YES;
				GCC_WARN_UNINITIALIZED_AUTOS = YES_AGGRESSIVE;
				GCC_WARN_UNUSED_FUNCTION = YES;
				GCC_WARN_UNUSED_VARIABLE = YES;
				MACOSX_DEPLOYMENT_TARGET = 10.12;
				MTL_ENABLE_DEBUG_INFO = NO;
				SDKROOT = macosx;
			};
			name = Release;
		};
		1639FF341FFF2635001C4DE3 /* Debug */ = {
			isa = XCBuildConfiguration;
			buildSettings = {
				CODE_SIGN_STYLE = Automatic;
				PRODUCT_NAME = "$(TARGET_NAME)";
			};
			name = Debug;
		};
		1639FF351FFF2635001C4DE3 /* Release */ = {
			isa = XCBuildConfiguration;
			buildSettings = {
				CODE_SIGN_STYLE = Automatic;
				PRODUCT_NAME = "$(TARGET_NAME)";
			};
			name = Release;
		};
/* End XCBuildConfiguration section */

/* Begin XCConfigurationList section */
		1639FF271FFF2635001C4DE3 /* Build configuration list for PBXProject "GameSprite" */ = {
			isa = XCConfigurationList;
			buildConfigurations = (
				1639FF311FFF2635001C4DE3 /* Debug */,
				1639FF321FFF2635001C4DE3 /* Release */,
			);
			defaultConfigurationIsVisible = 0;
			defaultConfigurationName = Release;
		};
		1639FF331FFF2635001C4DE3 /* Build configuration list for PBXNativeTarget "GameSprite" */ = {
			isa = XCConfigurationList;
			buildConfigurations = (
				1639FF341FFF2635001C4DE3 /* Debug */,
				1639FF351FFF2635001C4DE3 /* Release */,
			);
			defaultConfigurationIsVisible = 0;
			defaultConfigurationName = Release;
		};
/* End XCConfigurationList section */
	};
	rootObject = 1639FF241FFF2635001C4DE3 /* Project object */;
}
